// !$*UTF8*$!
{
	archiveVersion = 1;
	classes = {
	};
	objectVersion = 50;
	objects = {

/* Begin PBXBuildFile section */
		421CB93EC6FE5518689410EB /* Pods_flixsterUITests.framework in Frameworks */ = {isa = PBXBuildFile; fileRef = A204627BC4E276371B58F61B /* Pods_flixsterUITests.framework */; };
		EA671E95AE7E0D87991F4AC8 /* Pods_flixsterTests.framework in Frameworks */ = {isa = PBXBuildFile; fileRef = 4258CC27551EC964773CA45A /* Pods_flixsterTests.framework */; };
		F504DF91F99E32CDD43F8E5B /* Pods_flixster.framework in Frameworks */ = {isa = PBXBuildFile; fileRef = DDADA5D2838FC58F166F0C1E /* Pods_flixster.framework */; };
		FB19173E2223393E00725D4B /* MovieDetailsViewController.swift in Sources */ = {isa = PBXBuildFile; fileRef = FB19173D2223393E00725D4B /* MovieDetailsViewController.swift */; };
		FB1917402223438400725D4B /* MovieGridViewController.swift in Sources */ = {isa = PBXBuildFile; fileRef = FB19173F2223438400725D4B /* MovieGridViewController.swift */; };
		FB191742222349CC00725D4B /* MovieGridCell.swift in Sources */ = {isa = PBXBuildFile; fileRef = FB191741222349CC00725D4B /* MovieGridCell.swift */; };
		FB22C90D2228A4C8007CC327 /* MovieTrailerViewController.swift in Sources */ = {isa = PBXBuildFile; fileRef = FB22C90C2228A4C8007CC327 /* MovieTrailerViewController.swift */; };
		FB636FBE221C7F0000B007FA /* AppDelegate.swift in Sources */ = {isa = PBXBuildFile; fileRef = FB636FBD221C7F0000B007FA /* AppDelegate.swift */; };
		FB636FC3221C7F0000B007FA /* Main.storyboard in Resources */ = {isa = PBXBuildFile; fileRef = FB636FC1221C7F0000B007FA /* Main.storyboard */; };
		FB636FC5221C7F0400B007FA /* Assets.xcassets in Resources */ = {isa = PBXBuildFile; fileRef = FB636FC4221C7F0400B007FA /* Assets.xcassets */; };
		FB636FC8221C7F0400B007FA /* LaunchScreen.storyboard in Resources */ = {isa = PBXBuildFile; fileRef = FB636FC6221C7F0400B007FA /* LaunchScreen.storyboard */; };
		FB636FD3221C7F0500B007FA /* flixsterTests.swift in Sources */ = {isa = PBXBuildFile; fileRef = FB636FD2221C7F0500B007FA /* flixsterTests.swift */; };
		FB636FDE221C7F0500B007FA /* flixsterUITests.swift in Sources */ = {isa = PBXBuildFile; fileRef = FB636FDD221C7F0500B007FA /* flixsterUITests.swift */; };
		FB636FEC221C86DE00B007FA /* MoviesViewController.swift in Sources */ = {isa = PBXBuildFile; fileRef = FB636FEB221C86DE00B007FA /* MoviesViewController.swift */; };
		FB636FEE221DB52D00B007FA /* MovieCell.swift in Sources */ = {isa = PBXBuildFile; fileRef = FB636FED221DB52D00B007FA /* MovieCell.swift */; };
/* End PBXBuildFile section */

/* Begin PBXContainerItemProxy section */
		FB636FCF221C7F0500B007FA /* PBXContainerItemProxy */ = {
			isa = PBXContainerItemProxy;
			containerPortal = FB636FB2221C7F0000B007FA /* Project object */;
			proxyType = 1;
			remoteGlobalIDString = FB636FB9221C7F0000B007FA;
			remoteInfo = flixster;
		};
		FB636FDA221C7F0500B007FA /* PBXContainerItemProxy */ = {
			isa = PBXContainerItemProxy;
			containerPortal = FB636FB2221C7F0000B007FA /* Project object */;
			proxyType = 1;
			remoteGlobalIDString = FB636FB9221C7F0000B007FA;
			remoteInfo = flixster;
		};
/* End PBXContainerItemProxy section */

/* Begin PBXFileReference section */
		33F572F5EDC3B4D6E213D519 /* Pods-flixsterTests.debug.xcconfig */ = {isa = PBXFileReference; includeInIndex = 1; lastKnownFileType = text.xcconfig; name = "Pods-flixsterTests.debug.xcconfig"; path = "Target Support Files/Pods-flixsterTests/Pods-flixsterTests.debug.xcconfig"; sourceTree = "<group>"; };
		4258CC27551EC964773CA45A /* Pods_flixsterTests.framework */ = {isa = PBXFileReference; explicitFileType = wrapper.framework; includeInIndex = 0; path = Pods_flixsterTests.framework; sourceTree = BUILT_PRODUCTS_DIR; };
		A204627BC4E276371B58F61B /* Pods_flixsterUITests.framework */ = {isa = PBXFileReference; explicitFileType = wrapper.framework; includeInIndex = 0; path = Pods_flixsterUITests.framework; sourceTree = BUILT_PRODUCTS_DIR; };
		B6E39058AF0E14EBA800AC82 /* Pods-flixster.debug.xcconfig */ = {isa = PBXFileReference; includeInIndex = 1; lastKnownFileType = text.xcconfig; name = "Pods-flixster.debug.xcconfig"; path = "Target Support Files/Pods-flixster/Pods-flixster.debug.xcconfig"; sourceTree = "<group>"; };
		D19AE0AA650164A3ABAF394A /* Pods-flixsterUITests.debug.xcconfig */ = {isa = PBXFileReference; includeInIndex = 1; lastKnownFileType = text.xcconfig; name = "Pods-flixsterUITests.debug.xcconfig"; path = "Target Support Files/Pods-flixsterUITests/Pods-flixsterUITests.debug.xcconfig"; sourceTree = "<group>"; };
		D74D6A226AEF756E714751E3 /* Pods-flixsterUITests.release.xcconfig */ = {isa = PBXFileReference; includeInIndex = 1; lastKnownFileType = text.xcconfig; name = "Pods-flixsterUITests.release.xcconfig"; path = "Target Support Files/Pods-flixsterUITests/Pods-flixsterUITests.release.xcconfig"; sourceTree = "<group>"; };
		DDACDC33548C28E271980860 /* Pods-flixster.release.xcconfig */ = {isa = PBXFileReference; includeInIndex = 1; lastKnownFileType = text.xcconfig; name = "Pods-flixster.release.xcconfig"; path = "Target Support Files/Pods-flixster/Pods-flixster.release.xcconfig"; sourceTree = "<group>"; };
		DDADA5D2838FC58F166F0C1E /* Pods_flixster.framework */ = {isa = PBXFileReference; explicitFileType = wrapper.framework; includeInIndex = 0; path = Pods_flixster.framework; sourceTree = BUILT_PRODUCTS_DIR; };
		FB19173D2223393E00725D4B /* MovieDetailsViewController.swift */ = {isa = PBXFileReference; lastKnownFileType = sourcecode.swift; path = MovieDetailsViewController.swift; sourceTree = "<group>"; };
		FB19173F2223438400725D4B /* MovieGridViewController.swift */ = {isa = PBXFileReference; lastKnownFileType = sourcecode.swift; path = MovieGridViewController.swift; sourceTree = "<group>"; };
		FB191741222349CC00725D4B /* MovieGridCell.swift */ = {isa = PBXFileReference; lastKnownFileType = sourcecode.swift; path = MovieGridCell.swift; sourceTree = "<group>"; };
		FB22C90C2228A4C8007CC327 /* MovieTrailerViewController.swift */ = {isa = PBXFileReference; lastKnownFileType = sourcecode.swift; name = MovieTrailerViewController.swift; path = "/Users/kevinthaw/Documents/CS projects/ios/flixster/flixster/MovieTrailerViewController.swift"; sourceTree = "<absolute>"; };
		FB636FBA221C7F0000B007FA /* flixster.app */ = {isa = PBXFileReference; explicitFileType = wrapper.application; includeInIndex = 0; path = flixster.app; sourceTree = BUILT_PRODUCTS_DIR; };
		FB636FBD221C7F0000B007FA /* AppDelegate.swift */ = {isa = PBXFileReference; lastKnownFileType = sourcecode.swift; path = AppDelegate.swift; sourceTree = "<group>"; };
		FB636FC2221C7F0000B007FA /* Base */ = {isa = PBXFileReference; lastKnownFileType = file.storyboard; name = Base; path = Base.lproj/Main.storyboard; sourceTree = "<group>"; };
		FB636FC4221C7F0400B007FA /* Assets.xcassets */ = {isa = PBXFileReference; lastKnownFileType = folder.assetcatalog; path = Assets.xcassets; sourceTree = "<group>"; };
		FB636FC7221C7F0400B007FA /* Base */ = {isa = PBXFileReference; lastKnownFileType = file.storyboard; name = Base; path = Base.lproj/LaunchScreen.storyboard; sourceTree = "<group>"; };
		FB636FC9221C7F0400B007FA /* Info.plist */ = {isa = PBXFileReference; lastKnownFileType = text.plist.xml; path = Info.plist; sourceTree = "<group>"; };
		FB636FCE221C7F0500B007FA /* flixsterTests.xctest */ = {isa = PBXFileReference; explicitFileType = wrapper.cfbundle; includeInIndex = 0; path = flixsterTests.xctest; sourceTree = BUILT_PRODUCTS_DIR; };
		FB636FD2221C7F0500B007FA /* flixsterTests.swift */ = {isa = PBXFileReference; lastKnownFileType = sourcecode.swift; path = flixsterTests.swift; sourceTree = "<group>"; };
		FB636FD4221C7F0500B007FA /* Info.plist */ = {isa = PBXFileReference; lastKnownFileType = text.plist.xml; path = Info.plist; sourceTree = "<group>"; };
		FB636FD9221C7F0500B007FA /* flixsterUITests.xctest */ = {isa = PBXFileReference; explicitFileType = wrapper.cfbundle; includeInIndex = 0; path = flixsterUITests.xctest; sourceTree = BUILT_PRODUCTS_DIR; };
		FB636FDD221C7F0500B007FA /* flixsterUITests.swift */ = {isa = PBXFileReference; lastKnownFileType = sourcecode.swift; path = flixsterUITests.swift; sourceTree = "<group>"; };
		FB636FDF221C7F0500B007FA /* Info.plist */ = {isa = PBXFileReference; lastKnownFileType = text.plist.xml; path = Info.plist; sourceTree = "<group>"; };
		FB636FEB221C86DE00B007FA /* MoviesViewController.swift */ = {isa = PBXFileReference; lastKnownFileType = sourcecode.swift; path = MoviesViewController.swift; sourceTree = "<group>"; };
		FB636FED221DB52D00B007FA /* MovieCell.swift */ = {isa = PBXFileReference; lastKnownFileType = sourcecode.swift; path = MovieCell.swift; sourceTree = "<group>"; };
		FD116E6745356B8AE8722F4F /* Pods-flixsterTests.release.xcconfig */ = {isa = PBXFileReference; includeInIndex = 1; lastKnownFileType = text.xcconfig; name = "Pods-flixsterTests.release.xcconfig"; path = "Target Support Files/Pods-flixsterTests/Pods-flixsterTests.release.xcconfig"; sourceTree = "<group>"; };
/* End PBXFileReference section */

/* Begin PBXFrameworksBuildPhase section */
		FB636FB7221C7F0000B007FA /* Frameworks */ = {
			isa = PBXFrameworksBuildPhase;
			buildActionMask = 2147483647;
			files = (
				F504DF91F99E32CDD43F8E5B /* Pods_flixster.framework in Frameworks */,
			);
			runOnlyForDeploymentPostprocessing = 0;
		};
		FB636FCB221C7F0500B007FA /* Frameworks */ = {
			isa = PBXFrameworksBuildPhase;
			buildActionMask = 2147483647;
			files = (
				EA671E95AE7E0D87991F4AC8 /* Pods_flixsterTests.framework in Frameworks */,
			);
			runOnlyForDeploymentPostprocessing = 0;
		};
		FB636FD6221C7F0500B007FA /* Frameworks */ = {
			isa = PBXFrameworksBuildPhase;
			buildActionMask = 2147483647;
			files = (
				421CB93EC6FE5518689410EB /* Pods_flixsterUITests.framework in Frameworks */,
			);
			runOnlyForDeploymentPostprocessing = 0;
		};
/* End PBXFrameworksBuildPhase section */

/* Begin PBXGroup section */
		415B2CCE6A309734FCE3BBC0 /* Frameworks */ = {
			isa = PBXGroup;
			children = (
				DDADA5D2838FC58F166F0C1E /* Pods_flixster.framework */,
				4258CC27551EC964773CA45A /* Pods_flixsterTests.framework */,
				A204627BC4E276371B58F61B /* Pods_flixsterUITests.framework */,
			);
			name = Frameworks;
			sourceTree = "<group>";
		};
		D7352FFA82A71D7D389AA3E4 /* Pods */ = {
			isa = PBXGroup;
			children = (
				B6E39058AF0E14EBA800AC82 /* Pods-flixster.debug.xcconfig */,
				DDACDC33548C28E271980860 /* Pods-flixster.release.xcconfig */,
				33F572F5EDC3B4D6E213D519 /* Pods-flixsterTests.debug.xcconfig */,
				FD116E6745356B8AE8722F4F /* Pods-flixsterTests.release.xcconfig */,
				D19AE0AA650164A3ABAF394A /* Pods-flixsterUITests.debug.xcconfig */,
				D74D6A226AEF756E714751E3 /* Pods-flixsterUITests.release.xcconfig */,
			);
			path = Pods;
			sourceTree = "<group>";
		};
		FB636FB1221C7F0000B007FA = {
			isa = PBXGroup;
			children = (
				FB636FBC221C7F0000B007FA /* flixster */,
				FB636FD1221C7F0500B007FA /* flixsterTests */,
				FB636FDC221C7F0500B007FA /* flixsterUITests */,
				FB636FBB221C7F0000B007FA /* Products */,
				D7352FFA82A71D7D389AA3E4 /* Pods */,
				415B2CCE6A309734FCE3BBC0 /* Frameworks */,
			);
			sourceTree = "<group>";
		};
		FB636FBB221C7F0000B007FA /* Products */ = {
			isa = PBXGroup;
			children = (
				FB636FBA221C7F0000B007FA /* flixster.app */,
				FB636FCE221C7F0500B007FA /* flixsterTests.xctest */,
				FB636FD9221C7F0500B007FA /* flixsterUITests.xctest */,
			);
			name = Products;
			sourceTree = "<group>";
		};
		FB636FBC221C7F0000B007FA /* flixster */ = {
			isa = PBXGroup;
			children = (
				FB19173F2223438400725D4B /* MovieGridViewController.swift */,
				FB636FBD221C7F0000B007FA /* AppDelegate.swift */,
				FB636FC1221C7F0000B007FA /* Main.storyboard */,
				FB22C90C2228A4C8007CC327 /* MovieTrailerViewController.swift */,
				FB191741222349CC00725D4B /* MovieGridCell.swift */,
				FB19173D2223393E00725D4B /* MovieDetailsViewController.swift */,
				FB636FED221DB52D00B007FA /* MovieCell.swift */,
				FB636FC4221C7F0400B007FA /* Assets.xcassets */,
				FB636FC6221C7F0400B007FA /* LaunchScreen.storyboard */,
				FB636FC9221C7F0400B007FA /* Info.plist */,
				FB636FEB221C86DE00B007FA /* MoviesViewController.swift */,
			);
			path = flixster;
			sourceTree = "<group>";
		};
		FB636FD1221C7F0500B007FA /* flixsterTests */ = {
			isa = PBXGroup;
			children = (
				FB636FD2221C7F0500B007FA /* flixsterTests.swift */,
				FB636FD4221C7F0500B007FA /* Info.plist */,
			);
			path = flixsterTests;
			sourceTree = "<group>";
		};
		FB636FDC221C7F0500B007FA /* flixsterUITests */ = {
			isa = PBXGroup;
			children = (
				FB636FDD221C7F0500B007FA /* flixsterUITests.swift */,
				FB636FDF221C7F0500B007FA /* Info.plist */,
			);
			path = flixsterUITests;
			sourceTree = "<group>";
		};
/* End PBXGroup section */

/* Begin PBXNativeTarget section */
		FB636FB9221C7F0000B007FA /* flixster */ = {
			isa = PBXNativeTarget;
			buildConfigurationList = FB636FE2221C7F0500B007FA /* Build configuration list for PBXNativeTarget "flixster" */;
			buildPhases = (
				B78499BA365379308386A669 /* [CP] Check Pods Manifest.lock */,
				FB636FB6221C7F0000B007FA /* Sources */,
				FB636FB7221C7F0000B007FA /* Frameworks */,
				FB636FB8221C7F0000B007FA /* Resources */,
				DB5093F65D6526212EFA914C /* [CP] Embed Pods Frameworks */,
			);
			buildRules = (
			);
			dependencies = (
			);
			name = flixster;
			productName = flixster;
			productReference = FB636FBA221C7F0000B007FA /* flixster.app */;
			productType = "com.apple.product-type.application";
		};
		FB636FCD221C7F0500B007FA /* flixsterTests */ = {
			isa = PBXNativeTarget;
			buildConfigurationList = FB636FE5221C7F0500B007FA /* Build configuration list for PBXNativeTarget "flixsterTests" */;
			buildPhases = (
				A12D34750569C6F7C99E2E6A /* [CP] Check Pods Manifest.lock */,
				FB636FCA221C7F0500B007FA /* Sources */,
				FB636FCB221C7F0500B007FA /* Frameworks */,
				FB636FCC221C7F0500B007FA /* Resources */,
			);
			buildRules = (
			);
			dependencies = (
				FB636FD0221C7F0500B007FA /* PBXTargetDependency */,
			);
			name = flixsterTests;
			productName = flixsterTests;
			productReference = FB636FCE221C7F0500B007FA /* flixsterTests.xctest */;
			productType = "com.apple.product-type.bundle.unit-test";
		};
		FB636FD8221C7F0500B007FA /* flixsterUITests */ = {
			isa = PBXNativeTarget;
			buildConfigurationList = FB636FE8221C7F0500B007FA /* Build configuration list for PBXNativeTarget "flixsterUITests" */;
			buildPhases = (
				BA48C872BC4FF53036434B3E /* [CP] Check Pods Manifest.lock */,
				FB636FD5221C7F0500B007FA /* Sources */,
				FB636FD6221C7F0500B007FA /* Frameworks */,
				FB636FD7221C7F0500B007FA /* Resources */,
			);
			buildRules = (
			);
			dependencies = (
				FB636FDB221C7F0500B007FA /* PBXTargetDependency */,
			);
			name = flixsterUITests;
			productName = flixsterUITests;
			productReference = FB636FD9221C7F0500B007FA /* flixsterUITests.xctest */;
			productType = "com.apple.product-type.bundle.ui-testing";
		};
/* End PBXNativeTarget section */

/* Begin PBXProject section */
		FB636FB2221C7F0000B007FA /* Project object */ = {
			isa = PBXProject;
			attributes = {
				LastSwiftUpdateCheck = 1010;
				LastUpgradeCheck = 1010;
				ORGANIZATIONNAME = "Kevin Thaw";
				TargetAttributes = {
					FB636FB9221C7F0000B007FA = {
						CreatedOnToolsVersion = 10.1;
					};
					FB636FCD221C7F0500B007FA = {
						CreatedOnToolsVersion = 10.1;
						TestTargetID = FB636FB9221C7F0000B007FA;
					};
					FB636FD8221C7F0500B007FA = {
						CreatedOnToolsVersion = 10.1;
						TestTargetID = FB636FB9221C7F0000B007FA;
					};
				};
			};
			buildConfigurationList = FB636FB5221C7F0000B007FA /* Build configuration list for PBXProject "flixster" */;
			compatibilityVersion = "Xcode 9.3";
			developmentRegion = en;
			hasScannedForEncodings = 0;
			knownRegions = (
				en,
				Base,
			);
			mainGroup = FB636FB1221C7F0000B007FA;
			productRefGroup = FB636FBB221C7F0000B007FA /* Products */;
			projectDirPath = "";
			projectRoot = "";
			targets = (
				FB636FB9221C7F0000B007FA /* flixster */,
				FB636FCD221C7F0500B007FA /* flixsterTests */,
				FB636FD8221C7F0500B007FA /* flixsterUITests */,
			);
		};
/* End PBXProject section */

/* Begin PBXResourcesBuildPhase section */
		FB636FB8221C7F0000B007FA /* Resources */ = {
			isa = PBXResourcesBuildPhase;
			buildActionMask = 2147483647;
			files = (
				FB636FC8221C7F0400B007FA /* LaunchScreen.storyboard in Resources */,
				FB636FC5221C7F0400B007FA /* Assets.xcassets in Resources */,
				FB636FC3221C7F0000B007FA /* Main.storyboard in Resources */,
			);
			runOnlyForDeploymentPostprocessing = 0;
		};
		FB636FCC221C7F0500B007FA /* Resources */ = {
			isa = PBXResourcesBuildPhase;
			buildActionMask = 2147483647;
			files = (
			);
			runOnlyForDeploymentPostprocessing = 0;
		};
		FB636FD7221C7F0500B007FA /* Resources */ = {
			isa = PBXResourcesBuildPhase;
			buildActionMask = 2147483647;
			files = (
			);
			runOnlyForDeploymentPostprocessing = 0;
		};
/* End PBXResourcesBuildPhase section */

/* Begin PBXShellScriptBuildPhase section */
		A12D34750569C6F7C99E2E6A /* [CP] Check Pods Manifest.lock */ = {
			isa = PBXShellScriptBuildPhase;
			buildActionMask = 2147483647;
			files = (
			);
			inputFileListPaths = (
			);
			inputPaths = (
				"${PODS_PODFILE_DIR_PATH}/Podfile.lock",
				"${PODS_ROOT}/Manifest.lock",
			);
			name = "[CP] Check Pods Manifest.lock";
			outputFileListPaths = (
			);
			outputPaths = (
				"$(DERIVED_FILE_DIR)/Pods-flixsterTests-checkManifestLockResult.txt",
			);
			runOnlyForDeploymentPostprocessing = 0;
			shellPath = /bin/sh;
			shellScript = "diff \"${PODS_PODFILE_DIR_PATH}/Podfile.lock\" \"${PODS_ROOT}/Manifest.lock\" > /dev/null\nif [ $? != 0 ] ; then\n    # print error to STDERR\n    echo \"error: The sandbox is not in sync with the Podfile.lock. Run 'pod install' or update your CocoaPods installation.\" >&2\n    exit 1\nfi\n# This output is used by Xcode 'outputs' to avoid re-running this script phase.\necho \"SUCCESS\" > \"${SCRIPT_OUTPUT_FILE_0}\"\n";
			showEnvVarsInLog = 0;
		};
		B78499BA365379308386A669 /* [CP] Check Pods Manifest.lock */ = {
			isa = PBXShellScriptBuildPhase;
			buildActionMask = 2147483647;
			files = (
			);
			inputFileListPaths = (
			);
			inputPaths = (
				"${PODS_PODFILE_DIR_PATH}/Podfile.lock",
				"${PODS_ROOT}/Manifest.lock",
			);
			name = "[CP] Check Pods Manifest.lock";
			outputFileListPaths = (
			);
			outputPaths = (
				"$(DERIVED_FILE_DIR)/Pods-flixster-checkManifestLockResult.txt",
			);
			runOnlyForDeploymentPostprocessing = 0;
			shellPath = /bin/sh;
			shellScript = "diff \"${PODS_PODFILE_DIR_PATH}/Podfile.lock\" \"${PODS_ROOT}/Manifest.lock\" > /dev/null\nif [ $? != 0 ] ; then\n    # print error to STDERR\n    echo \"error: The sandbox is not in sync with the Podfile.lock. Run 'pod install' or update your CocoaPods installation.\" >&2\n    exit 1\nfi\n# This output is used by Xcode 'outputs' to avoid re-running this script phase.\necho \"SUCCESS\" > \"${SCRIPT_OUTPUT_FILE_0}\"\n";
			showEnvVarsInLog = 0;
		};
		BA48C872BC4FF53036434B3E /* [CP] Check Pods Manifest.lock */ = {
			isa = PBXShellScriptBuildPhase;
			buildActionMask = 2147483647;
			files = (
			);
			inputFileListPaths = (
			);
			inputPaths = (
				"${PODS_PODFILE_DIR_PATH}/Podfile.lock",
				"${PODS_ROOT}/Manifest.lock",
			);
			name = "[CP] Check Pods Manifest.lock";
			outputFileListPaths = (
			);
			outputPaths = (
				"$(DERIVED_FILE_DIR)/Pods-flixsterUITests-checkManifestLockResult.txt",
			);
			runOnlyForDeploymentPostprocessing = 0;
			shellPath = /bin/sh;
			shellScript = "diff \"${PODS_PODFILE_DIR_PATH}/Podfile.lock\" \"${PODS_ROOT}/Manifest.lock\" > /dev/null\nif [ $? != 0 ] ; then\n    # print error to STDERR\n    echo \"error: The sandbox is not in sync with the Podfile.lock. Run 'pod install' or update your CocoaPods installation.\" >&2\n    exit 1\nfi\n# This output is used by Xcode 'outputs' to avoid re-running this script phase.\necho \"SUCCESS\" > \"${SCRIPT_OUTPUT_FILE_0}\"\n";
			showEnvVarsInLog = 0;
		};
		DB5093F65D6526212EFA914C /* [CP] Embed Pods Frameworks */ = {
			isa = PBXShellScriptBuildPhase;
			buildActionMask = 2147483647;
			files = (
			);
			inputFileListPaths = (
			);
			inputPaths = (
				"${PODS_ROOT}/Target Support Files/Pods-flixster/Pods-flixster-frameworks.sh",
				"${BUILT_PRODUCTS_DIR}/Alamofire/Alamofire.framework",
				"${BUILT_PRODUCTS_DIR}/AlamofireImage/AlamofireImage.framework",
			);
			name = "[CP] Embed Pods Frameworks";
			outputFileListPaths = (
			);
			outputPaths = (
				"${TARGET_BUILD_DIR}/${FRAMEWORKS_FOLDER_PATH}/Alamofire.framework",
				"${TARGET_BUILD_DIR}/${FRAMEWORKS_FOLDER_PATH}/AlamofireImage.framework",
			);
			runOnlyForDeploymentPostprocessing = 0;
			shellPath = /bin/sh;
			shellScript = "\"${PODS_ROOT}/Target Support Files/Pods-flixster/Pods-flixster-frameworks.sh\"\n";
			showEnvVarsInLog = 0;
		};
/* End PBXShellScriptBuildPhase section */

/* Begin PBXSourcesBuildPhase section */
		FB636FB6221C7F0000B007FA /* Sources */ = {
			isa = PBXSourcesBuildPhase;
			buildActionMask = 2147483647;
			files = (
				FB22C90D2228A4C8007CC327 /* MovieTrailerViewController.swift in Sources */,
				FB1917402223438400725D4B /* MovieGridViewController.swift in Sources */,
				FB19173E2223393E00725D4B /* MovieDetailsViewController.swift in Sources */,
				FB636FBE221C7F0000B007FA /* AppDelegate.swift in Sources */,
				FB636FEC221C86DE00B007FA /* MoviesViewController.swift in Sources */,
				FB191742222349CC00725D4B /* MovieGridCell.swift in Sources */,
				FB636FEE221DB52D00B007FA /* MovieCell.swift in Sources */,
			);
			runOnlyForDeploymentPostprocessing = 0;
		};
		FB636FCA221C7F0500B007FA /* Sources */ = {
			isa = PBXSourcesBuildPhase;
			buildActionMask = 2147483647;
			files = (
				FB636FD3221C7F0500B007FA /* flixsterTests.swift in Sources */,
			);
			runOnlyForDeploymentPostprocessing = 0;
		};
		FB636FD5221C7F0500B007FA /* Sources */ = {
			isa = PBXSourcesBuildPhase;
			buildActionMask = 2147483647;
			files = (
				FB636FDE221C7F0500B007FA /* flixsterUITests.swift in Sources */,
			);
			runOnlyForDeploymentPostprocessing = 0;
		};
/* End PBXSourcesBuildPhase section */

/* Begin PBXTargetDependency section */
		FB636FD0221C7F0500B007FA /* PBXTargetDependency */ = {
			isa = PBXTargetDependency;
			target = FB636FB9221C7F0000B007FA /* flixster */;
			targetProxy = FB636FCF221C7F0500B007FA /* PBXContainerItemProxy */;
		};
		FB636FDB221C7F0500B007FA /* PBXTargetDependency */ = {
			isa = PBXTargetDependency;
			target = FB636FB9221C7F0000B007FA /* flixster */;
			targetProxy = FB636FDA221C7F0500B007FA /* PBXContainerItemProxy */;
		};
/* End PBXTargetDependency section */

/* Begin PBXVariantGroup section */
		FB636FC1221C7F0000B007FA /* Main.storyboard */ = {
			isa = PBXVariantGroup;
			children = (
				FB636FC2221C7F0000B007FA /* Base */,
			);
			name = Main.storyboard;
			sourceTree = "<group>";
		};
		FB636FC6221C7F0400B007FA /* LaunchScreen.storyboard */ = {
			isa = PBXVariantGroup;
			children = (
				FB636FC7221C7F0400B007FA /* Base */,
			);
			name = LaunchScreen.storyboard;
			sourceTree = "<group>";
		};
/* End PBXVariantGroup section */

/* Begin XCBuildConfiguration section */
		FB636FE0221C7F0500B007FA /* Debug */ = {
			isa = XCBuildConfiguration;
			buildSettings = {
				ALWAYS_SEARCH_USER_PATHS = NO;
				CLANG_ANALYZER_NONNULL = YES;
				CLANG_ANALYZER_NUMBER_OBJECT_CONVERSION = YES_AGGRESSIVE;
				CLANG_CXX_LANGUAGE_STANDARD = "gnu++14";
				CLANG_CXX_LIBRARY = "libc++";
				CLANG_ENABLE_MODULES = YES;
				CLANG_ENABLE_OBJC_ARC = YES;
				CLANG_ENABLE_OBJC_WEAK = YES;
				CLANG_WARN_BLOCK_CAPTURE_AUTORELEASING = YES;
				CLANG_WARN_BOOL_CONVERSION = YES;
				CLANG_WARN_COMMA = YES;
				CLANG_WARN_CONSTANT_CONVERSION = YES;
				CLANG_WARN_DEPRECATED_OBJC_IMPLEMENTATIONS = YES;
				CLANG_WARN_DIRECT_OBJC_ISA_USAGE = YES_ERROR;
				CLANG_WARN_DOCUMENTATION_COMMENTS = YES;
				CLANG_WARN_EMPTY_BODY = YES;
				CLANG_WARN_ENUM_CONVERSION = YES;
				CLANG_WARN_INFINITE_RECURSION = YES;
				CLANG_WARN_INT_CONVERSION = YES;
				CLANG_WARN_NON_LITERAL_NULL_CONVERSION = YES;
				CLANG_WARN_OBJC_IMPLICIT_RETAIN_SELF = YES;
				CLANG_WARN_OBJC_LITERAL_CONVERSION = YES;
				CLANG_WARN_OBJC_ROOT_CLASS = YES_ERROR;
				CLANG_WARN_RANGE_LOOP_ANALYSIS = YES;
				CLANG_WARN_STRICT_PROTOTYPES = YES;
				CLANG_WARN_SUSPICIOUS_MOVE = YES;
				CLANG_WARN_UNGUARDED_AVAILABILITY = YES_AGGRESSIVE;
				CLANG_WARN_UNREACHABLE_CODE = YES;
				CLANG_WARN__DUPLICATE_METHOD_MATCH = YES;
				CODE_SIGN_IDENTITY = "iPhone Developer";
				COPY_PHASE_STRIP = NO;
				DEBUG_INFORMATION_FORMAT = dwarf;
				ENABLE_STRICT_OBJC_MSGSEND = YES;
				ENABLE_TESTABILITY = YES;
				GCC_C_LANGUAGE_STANDARD = gnu11;
				GCC_DYNAMIC_NO_PIC = NO;
				GCC_NO_COMMON_BLOCKS = YES;
				GCC_OPTIMIZATION_LEVEL = 0;
				GCC_PREPROCESSOR_DEFINITIONS = (
					"DEBUG=1",
					"$(inherited)",
				);
				GCC_WARN_64_TO_32_BIT_CONVERSION = YES;
				GCC_WARN_ABOUT_RETURN_TYPE = YES_ERROR;
				GCC_WARN_UNDECLARED_SELECTOR = YES;
				GCC_WARN_UNINITIALIZED_AUTOS = YES_AGGRESSIVE;
				GCC_WARN_UNUSED_FUNCTION = YES;
				GCC_WARN_UNUSED_VARIABLE = YES;
				IPHONEOS_DEPLOYMENT_TARGET = 12.1;
				MTL_ENABLE_DEBUG_INFO = INCLUDE_SOURCE;
				MTL_FAST_MATH = YES;
				ONLY_ACTIVE_ARCH = YES;
				SDKROOT = iphoneos;
				SWIFT_ACTIVE_COMPILATION_CONDITIONS = DEBUG;
				SWIFT_OPTIMIZATION_LEVEL = "-Onone";
			};
			name = Debug;
		};
		FB636FE1221C7F0500B007FA /* Release */ = {
			isa = XCBuildConfiguration;
			buildSettings = {
				ALWAYS_SEARCH_USER_PATHS = NO;
				CLANG_ANALYZER_NONNULL = YES;
				CLANG_ANALYZER_NUMBER_OBJECT_CONVERSION = YES_AGGRESSIVE;
				CLANG_CXX_LANGUAGE_STANDARD = "gnu++14";
				CLANG_CXX_LIBRARY = "libc++";
				CLANG_ENABLE_MODULES = YES;
				CLANG_ENABLE_OBJC_ARC = YES;
				CLANG_ENABLE_OBJC_WEAK = YES;
				CLANG_WARN_BLOCK_CAPTURE_AUTORELEASING = YES;
				CLANG_WARN_BOOL_CONVERSION = YES;
				CLANG_WARN_COMMA = YES;
				CLANG_WARN_CONSTANT_CONVERSION = YES;
				CLANG_WARN_DEPRECATED_OBJC_IMPLEMENTATIONS = YES;
				CLANG_WARN_DIRECT_OBJC_ISA_USAGE = YES_ERROR;
				CLANG_WARN_DOCUMENTATION_COMMENTS = YES;
				CLANG_WARN_EMPTY_BODY = YES;
				CLANG_WARN_ENUM_CONVERSION = YES;
				CLANG_WARN_INFINITE_RECURSION = YES;
				CLANG_WARN_INT_CONVERSION = YES;
				CLANG_WARN_NON_LITERAL_NULL_CONVERSION = YES;
				CLANG_WARN_OBJC_IMPLICIT_RETAIN_SELF = YES;
				CLANG_WARN_OBJC_LITERAL_CONVERSION = YES;
				CLANG_WARN_OBJC_ROOT_CLASS = YES_ERROR;
				CLANG_WARN_RANGE_LOOP_ANALYSIS = YES;
				CLANG_WARN_STRICT_PROTOTYPES = YES;
				CLANG_WARN_SUSPICIOUS_MOVE = YES;
				CLANG_WARN_UNGUARDED_AVAILABILITY = YES_AGGRESSIVE;
				CLANG_WARN_UNREACHABLE_CODE = YES;
				CLANG_WARN__DUPLICATE_METHOD_MATCH = YES;
				CODE_SIGN_IDENTITY = "iPhone Developer";
				COPY_PHASE_STRIP = NO;
				DEBUG_INFORMATION_FORMAT = "dwarf-with-dsym";
				ENABLE_NS_ASSERTIONS = NO;
				ENABLE_STRICT_OBJC_MSGSEND = YES;
				GCC_C_LANGUAGE_STANDARD = gnu11;
				GCC_NO_COMMON_BLOCKS = YES;
				GCC_WARN_64_TO_32_BIT_CONVERSION = YES;
				GCC_WARN_ABOUT_RETURN_TYPE = YES_ERROR;
				GCC_WARN_UNDECLARED_SELECTOR = YES;
				GCC_WARN_UNINITIALIZED_AUTOS = YES_AGGRESSIVE;
				GCC_WARN_UNUSED_FUNCTION = YES;
				GCC_WARN_UNUSED_VARIABLE = YES;
				IPHONEOS_DEPLOYMENT_TARGET = 12.1;
				MTL_ENABLE_DEBUG_INFO = NO;
				MTL_FAST_MATH = YES;
				SDKROOT = iphoneos;
				SWIFT_COMPILATION_MODE = wholemodule;
				SWIFT_OPTIMIZATION_LEVEL = "-O";
				VALIDATE_PRODUCT = YES;
			};
			name = Release;
		};
		FB636FE3221C7F0500B007FA /* Debug */ = {
			isa = XCBuildConfiguration;
			baseConfigurationReference = B6E39058AF0E14EBA800AC82 /* Pods-flixster.debug.xcconfig */;
			buildSettings = {
				ASSETCATALOG_COMPILER_APPICON_NAME = AppIcon;
				CODE_SIGN_STYLE = Automatic;
				DEVELOPMENT_TEAM = 7Y4A9X4MLD;
				INFOPLIST_FILE = flixster/Info.plist;
				LD_RUNPATH_SEARCH_PATHS = (
					"$(inherited)",
					"@executable_path/Frameworks",
				);
				PRODUCT_BUNDLE_IDENTIFIER = com.thaw.flixster;
				PRODUCT_NAME = "$(TARGET_NAME)";
				SWIFT_VERSION = 4.2;
				TARGETED_DEVICE_FAMILY = "1,2";
			};
			name = Debug;
		};
		FB636FE4221C7F0500B007FA /* Release */ = {
			isa = XCBuildConfiguration;
			baseConfigurationReference = DDACDC33548C28E271980860 /* Pods-flixster.release.xcconfig */;
			buildSettings = {
				ASSETCATALOG_COMPILER_APPICON_NAME = AppIcon;
				CODE_SIGN_STYLE = Automatic;
				DEVELOPMENT_TEAM = 7Y4A9X4MLD;
				INFOPLIST_FILE = flixster/Info.plist;
				LD_RUNPATH_SEARCH_PATHS = (
					"$(inherited)",
					"@executable_path/Frameworks",
				);
				PRODUCT_BUNDLE_IDENTIFIER = com.thaw.flixster;
				PRODUCT_NAME = "$(TARGET_NAME)";
				SWIFT_VERSION = 4.2;
				TARGETED_DEVICE_FAMILY = "1,2";
			};
			name = Release;
		};
		FB636FE6221C7F0500B007FA /* Debug */ = {
			isa = XCBuildConfiguration;
			baseConfigurationReference = 33F572F5EDC3B4D6E213D519 /* Pods-flixsterTests.debug.xcconfig */;
			buildSettings = {
				ALWAYS_EMBED_SWIFT_STANDARD_LIBRARIES = YES;
				BUNDLE_LOADER = "$(TEST_HOST)";
				CODE_SIGN_STYLE = Automatic;
				DEVELOPMENT_TEAM = 7Y4A9X4MLD;
				INFOPLIST_FILE = flixsterTests/Info.plist;
				LD_RUNPATH_SEARCH_PATHS = (
					"$(inherited)",
					"@executable_path/Frameworks",
					"@loader_path/Frameworks",
				);
				PRODUCT_BUNDLE_IDENTIFIER = com.thaw.flixsterTests;
				PRODUCT_NAME = "$(TARGET_NAME)";
				SWIFT_VERSION = 4.2;
				TARGETED_DEVICE_FAMILY = "1,2";
				TEST_HOST = "$(BUILT_PRODUCTS_DIR)/flixster.app/flixster";
			};
			name = Debug;
		};
		FB636FE7221C7F0500B007FA /* Release */ = {
			isa = XCBuildConfiguration;
			baseConfigurationReference = FD116E6745356B8AE8722F4F /* Pods-flixsterTests.release.xcconfig */;
			buildSettings = {
				ALWAYS_EMBED_SWIFT_STANDARD_LIBRARIES = YES;
				BUNDLE_LOADER = "$(TEST_HOST)";
				CODE_SIGN_STYLE = Automatic;
				DEVELOPMENT_TEAM = 7Y4A9X4MLD;
				INFOPLIST_FILE = flixsterTests/Info.plist;
				LD_RUNPATH_SEARCH_PATHS = (
					"$(inherited)",
					"@executable_path/Frameworks",
					"@loader_path/Frameworks",
				);
				PRODUCT_BUNDLE_IDENTIFIER = com.thaw.flixsterTests;
				PRODUCT_NAME = "$(TARGET_NAME)";
				SWIFT_VERSION = 4.2;
				TARGETED_DEVICE_FAMILY = "1,2";
				TEST_HOST = "$(BUILT_PRODUCTS_DIR)/flixster.app/flixster";
			};
			name = Release;
		};
		FB636FE9221C7F0500B007FA /* Debug */ = {
			isa = XCBuildConfiguration;
			baseConfigurationReference = D19AE0AA650164A3ABAF394A /* Pods-flixsterUITests.debug.xcconfig */;
			buildSettings = {
				ALWAYS_EMBED_SWIFT_STANDARD_LIBRARIES = YES;
				CODE_SIGN_STYLE = Automatic;
				DEVELOPMENT_TEAM = 7Y4A9X4MLD;
				INFOPLIST_FILE = flixsterUITests/Info.plist;
				LD_RUNPATH_SEARCH_PATHS = (
					"$(inherited)",
					"@executable_path/Frameworks",
					"@loader_path/Frameworks",
				);
				PRODUCT_BUNDLE_IDENTIFIER = com.thaw.flixsterUITests;
				PRODUCT_NAME = "$(TARGET_NAME)";
				SWIFT_VERSION = 4.2;
				TARGETED_DEVICE_FAMILY = "1,2";
				TEST_TARGET_NAME = flixster;
			};
			name = Debug;
		};
		FB636FEA221C7F0500B007FA /* Release */ = {
			isa = XCBuildConfiguration;
			baseConfigurationReference = D74D6A226AEF756E714751E3 /* Pods-flixsterUITests.release.xcconfig */;
			buildSettings = {
				ALWAYS_EMBED_SWIFT_STANDARD_LIBRARIES = YES;
				CODE_SIGN_STYLE = Automatic;
				DEVELOPMENT_TEAM = 7Y4A9X4MLD;
				INFOPLIST_FILE = flixsterUITests/Info.plist;
				LD_RUNPATH_SEARCH_PATHS = (
					"$(inherited)",
					"@executable_path/Frameworks",
					"@loader_path/Frameworks",
				);
				PRODUCT_BUNDLE_IDENTIFIER = com.thaw.flixsterUITests;
				PRODUCT_NAME = "$(TARGET_NAME)";
				SWIFT_VERSION = 4.2;
				TARGETED_DEVICE_FAMILY = "1,2";
				TEST_TARGET_NAME = flixster;
			};
			name = Release;
		};
/* End XCBuildConfiguration section */

/* Begin XCConfigurationList section */
		FB636FB5221C7F0000B007FA /* Build configuration list for PBXProject "flixster" */ = {
			isa = XCConfigurationList;
			buildConfigurations = (
				FB636FE0221C7F0500B007FA /* Debug */,
				FB636FE1221C7F0500B007FA /* Release */,
			);
			defaultConfigurationIsVisible = 0;
			defaultConfigurationName = Release;
		};
		FB636FE2221C7F0500B007FA /* Build configuration list for PBXNativeTarget "flixster" */ = {
			isa = XCConfigurationList;
			buildConfigurations = (
				FB636FE3221C7F0500B007FA /* Debug */,
				FB636FE4221C7F0500B007FA /* Release */,
			);
			defaultConfigurationIsVisible = 0;
			defaultConfigurationName = Release;
		};
		FB636FE5221C7F0500B007FA /* Build configuration list for PBXNativeTarget "flixsterTests" */ = {
			isa = XCConfigurationList;
			buildConfigurations = (
				FB636FE6221C7F0500B007FA /* Debug */,
				FB636FE7221C7F0500B007FA /* Release */,
			);
			defaultConfigurationIsVisible = 0;
			defaultConfigurationName = Release;
		};
		FB636FE8221C7F0500B007FA /* Build configuration list for PBXNativeTarget "flixsterUITests" */ = {
			isa = XCConfigurationList;
			buildConfigurations = (
				FB636FE9221C7F0500B007FA /* Debug */,
				FB636FEA221C7F0500B007FA /* Release */,
			);
			defaultConfigurationIsVisible = 0;
			defaultConfigurationName = Release;
		};
/* End XCConfigurationList section */
	};
	rootObject = FB636FB2221C7F0000B007FA /* Project object */;
}
